
Microsoft Visual Studio Solution File, Format Version 12.00
# Visual Studio Version 17
VisualStudioVersion = 17.2.32526.322
MinimumVisualStudioVersion = 10.0.40219.1
Project("{FAE04EC0-301F-11D3-BF4B-00C04F79EFBC}") = "Seminar.FrameWork", "Seminar.FrameWork\Seminar.FrameWork.csproj", "{DCB2D75B-D55F-4A39-BC3B-8552D6656BAA}"
EndProject
Project("{FAE04EC0-301F-11D3-BF4B-00C04F79EFBC}") = "Seminar.Core", "Seminar.Core\Seminar.Core.csproj", "{6A84E4C2-CBA0-4654-B3E3-D5A213D3C29D}"
EndProject
Global
	GlobalSection(SolutionConfigurationPlatforms) = preSolution
		Debug|Any CPU = Debug|Any CPU
		Release|Any CPU = Release|Any CPU
	EndGlobalSection
	GlobalSection(ProjectConfigurationPlatforms) = postSolution
		{DCB2D75B-D55F-4A39-BC3B-8552D6656BAA}.Debug|Any CPU.ActiveCfg = Debug|Any CPU
		{DCB2D75B-D55F-4A39-BC3B-8552D6656BAA}.Debug|Any CPU.Build.0 = Debug|Any CPU
		{DCB2D75B-D55F-4A39-BC3B-8552D6656BAA}.Release|Any CPU.ActiveCfg = Release|Any CPU
		{DCB2D75B-D55F-4A39-BC3B-8552D6656BAA}.Release|Any CPU.Build.0 = Release|Any CPU
		{6A84E4C2-CBA0-4654-B3E3-D5A213D3C29D}.Debug|Any CPU.ActiveCfg = Debug|Any CPU
		{6A84E4C2-CBA0-4654-B3E3-D5A213D3C29D}.Debug|Any CPU.Build.0 = Debug|Any CPU
		{6A84E4C2-CBA0-4654-B3E3-D5A213D3C29D}.Release|Any CPU.ActiveCfg = Release|Any CPU
		{6A84E4C2-CBA0-4654-B3E3-D5A213D3C29D}.Release|Any CPU.Build.0 = Release|Any CPU
	EndGlobalSection
	GlobalSection(SolutionProperties) = preSolution
		HideSolutionNode = FALSE
	EndGlobalSection
	GlobalSection(ExtensibilityGlobals) = postSolution
		SolutionGuid = {44BEF262-9187-4E59-8E52-87B8721E24ED}
	EndGlobalSection
EndGlobal
